
Microsoft Visual Studio Solution File, Format Version 12.00
# Visual Studio Version 17
VisualStudioVersion = 17.9.34728.123
MinimumVisualStudioVersion = 10.0.40219.1
Project("{FAE04EC0-301F-11D3-BF4B-00C04F79EFBC}") = "Archive_System", "Archive_System\Archive_System.csproj", "{BD784346-A874-4D12-992A-FF24C4E283D5}"
EndProject
Global
	GlobalSection(SolutionConfigurationPlatforms) = preSolution
		Debug|Any CPU = Debug|Any CPU
		Release|Any CPU = Release|Any CPU
	EndGlobalSection
	GlobalSection(ProjectConfigurationPlatforms) = postSolution
		{BD784346-A874-4D12-992A-FF24C4E283D5}.Debug|Any CPU.ActiveCfg = Debug|Any CPU
		{BD784346-A874-4D12-992A-FF24C4E283D5}.Debug|Any CPU.Build.0 = Debug|Any CPU
		{BD784346-A874-4D12-992A-FF24C4E283D5}.Release|Any CPU.ActiveCfg = Release|Any CPU
		{BD784346-A874-4D12-992A-FF24C4E283D5}.Release|Any CPU.Build.0 = Release|Any CPU
	EndGlobalSection
	GlobalSection(SolutionProperties) = preSolution
		HideSolutionNode = FALSE
	EndGlobalSection
	GlobalSection(ExtensibilityGlobals) = postSolution
		SolutionGuid = {5B5ED15F-3A29-4376-AD2B-1251012A4CD6}
	EndGlobalSection
EndGlobal
